// !$*UTF8*$!
{
	archiveVersion = 1;
	classes = {
	};
	objectVersion = 56;
	objects = {

/* Begin PBXBuildFile section */
		41F550CF28FA5BDE001052C2 /* AppDelegate.swift in Sources */ = {isa = PBXBuildFile; fileRef = 41F550CE28FA5BDE001052C2 /* AppDelegate.swift */; };
		41F550D128FA5BDE001052C2 /* ContentView.swift in Sources */ = {isa = PBXBuildFile; fileRef = 41F550D028FA5BDE001052C2 /* ContentView.swift */; };
		41F550D328FA5BDE001052C2 /* Experience.rcproject in Sources */ = {isa = PBXBuildFile; fileRef = 41F550D228FA5BDE001052C2 /* Experience.rcproject */; };
		41F550D528FA5BDF001052C2 /* Assets.xcassets in Resources */ = {isa = PBXBuildFile; fileRef = 41F550D428FA5BDF001052C2 /* Assets.xcassets */; };
		41F550E928FB7B1B001052C2 /* jump2.usdz in Resources */ = {isa = PBXBuildFile; fileRef = 41F550E628FB7B1B001052C2 /* jump2.usdz */; };
		41F550EA28FB7B1B001052C2 /* jump1.usdz in Resources */ = {isa = PBXBuildFile; fileRef = 41F550E728FB7B1B001052C2 /* jump1.usdz */; };
		41F550EB28FB7B1B001052C2 /* nodding.usdz in Resources */ = {isa = PBXBuildFile; fileRef = 41F550E828FB7B1B001052C2 /* nodding.usdz */; };
/* End PBXBuildFile section */

/* Begin PBXFileReference section */
		41F550CB28FA5BDE001052C2 /* Pompy.app */ = {isa = PBXFileReference; explicitFileType = wrapper.application; includeInIndex = 0; path = Pompy.app; sourceTree = BUILT_PRODUCTS_DIR; };
		41F550CE28FA5BDE001052C2 /* AppDelegate.swift */ = {isa = PBXFileReference; lastKnownFileType = sourcecode.swift; path = AppDelegate.swift; sourceTree = "<group>"; };
		41F550D028FA5BDE001052C2 /* ContentView.swift */ = {isa = PBXFileReference; lastKnownFileType = sourcecode.swift; path = ContentView.swift; sourceTree = "<group>"; };
		41F550D228FA5BDE001052C2 /* Experience.rcproject */ = {isa = PBXFileReference; lastKnownFileType = file.rcproject; path = Experience.rcproject; sourceTree = "<group>"; };
		41F550D428FA5BDF001052C2 /* Assets.xcassets */ = {isa = PBXFileReference; lastKnownFileType = folder.assetcatalog; path = Assets.xcassets; sourceTree = "<group>"; };
		41F550E628FB7B1B001052C2 /* jump2.usdz */ = {isa = PBXFileReference; lastKnownFileType = file.usdz; path = jump2.usdz; sourceTree = "<group>"; };
		41F550E728FB7B1B001052C2 /* jump1.usdz */ = {isa = PBXFileReference; lastKnownFileType = file.usdz; path = jump1.usdz; sourceTree = "<group>"; };
		41F550E828FB7B1B001052C2 /* nodding.usdz */ = {isa = PBXFileReference; lastKnownFileType = file.usdz; path = nodding.usdz; sourceTree = "<group>"; };
		8F90218728FB890C00D8545F /* Info.plist */ = {isa = PBXFileReference; lastKnownFileType = text.plist; path = Info.plist; sourceTree = "<group>"; };
/* End PBXFileReference section */

/* Begin PBXFrameworksBuildPhase section */
		41F550C828FA5BDE001052C2 /* Frameworks */ = {
			isa = PBXFrameworksBuildPhase;
			buildActionMask = 2147483647;
			files = (
			);
			runOnlyForDeploymentPostprocessing = 0;
		};
/* End PBXFrameworksBuildPhase section */

/* Begin PBXGroup section */
		41F550C228FA5BDE001052C2 = {
			isa = PBXGroup;
			children = (
				41F550CD28FA5BDE001052C2 /* Pompy */,
				41F550CC28FA5BDE001052C2 /* Products */,
			);
			sourceTree = "<group>";
		};
		41F550CC28FA5BDE001052C2 /* Products */ = {
			isa = PBXGroup;
			children = (
				41F550CB28FA5BDE001052C2 /* Pompy.app */,
			);
			name = Products;
			sourceTree = "<group>";
		};
		41F550CD28FA5BDE001052C2 /* Pompy */ = {
			isa = PBXGroup;
			children = (
				8F90218728FB890C00D8545F /* Info.plist */,
				41F550CE28FA5BDE001052C2 /* AppDelegate.swift */,
				41F550D028FA5BDE001052C2 /* ContentView.swift */,
				41F550D228FA5BDE001052C2 /* Experience.rcproject */,
				41F550E728FB7B1B001052C2 /* jump1.usdz */,
				41F550E628FB7B1B001052C2 /* jump2.usdz */,
				41F550E828FB7B1B001052C2 /* nodding.usdz */,
				41F550D428FA5BDF001052C2 /* Assets.xcassets */,
				41F550D628FA5BDF001052C2 /* Preview Content */,
			);
			path = Pompy;
			sourceTree = "<group>";
		};
		41F550D628FA5BDF001052C2 /* Preview Content */ = {
			isa = PBXGroup;
			children = (
			);
			path = "Preview Content";
			sourceTree = "<group>";
		};
/* End PBXGroup section */

/* Begin PBXNativeTarget section */
		41F550CA28FA5BDE001052C2 /* Pompy */ = {
			isa = PBXNativeTarget;
			buildConfigurationList = 41F550DB28FA5BDF001052C2 /* Build configuration list for PBXNativeTarget "Pompy" */;
			buildPhases = (
				41F550C728FA5BDE001052C2 /* Sources */,
				41F550C828FA5BDE001052C2 /* Frameworks */,
				41F550C928FA5BDE001052C2 /* Resources */,
			);
			buildRules = (
			);
			dependencies = (
			);
			name = Pompy;
			productName = HackHarvard;
			productReference = 41F550CB28FA5BDE001052C2 /* Pompy.app */;
			productType = "com.apple.product-type.application";
		};
/* End PBXNativeTarget section */

/* Begin PBXProject section */
		41F550C328FA5BDE001052C2 /* Project object */ = {
			isa = PBXProject;
			attributes = {
				BuildIndependentTargetsInParallel = 1;
				LastSwiftUpdateCheck = 1400;
				LastUpgradeCheck = 1400;
				TargetAttributes = {
					41F550CA28FA5BDE001052C2 = {
						CreatedOnToolsVersion = 14.0;
					};
				};
			};
			buildConfigurationList = 41F550C628FA5BDE001052C2 /* Build configuration list for PBXProject "Pompy" */;
			compatibilityVersion = "Xcode 14.0";
			developmentRegion = en;
			hasScannedForEncodings = 0;
			knownRegions = (
				en,
				Base,
			);
			mainGroup = 41F550C228FA5BDE001052C2;
			productRefGroup = 41F550CC28FA5BDE001052C2 /* Products */;
			projectDirPath = "";
			projectRoot = "";
			targets = (
				41F550CA28FA5BDE001052C2 /* Pompy */,
			);
		};
/* End PBXProject section */

/* Begin PBXResourcesBuildPhase section */
		41F550C928FA5BDE001052C2 /* Resources */ = {
			isa = PBXResourcesBuildPhase;
			buildActionMask = 2147483647;
			files = (
				41F550E928FB7B1B001052C2 /* jump2.usdz in Resources */,
				41F550EB28FB7B1B001052C2 /* nodding.usdz in Resources */,
				41F550D528FA5BDF001052C2 /* Assets.xcassets in Resources */,
				41F550EA28FB7B1B001052C2 /* jump1.usdz in Resources */,
			);
			runOnlyForDeploymentPostprocessing = 0;
		};
/* End PBXResourcesBuildPhase section */

/* Begin PBXSourcesBuildPhase section */
		41F550C728FA5BDE001052C2 /* Sources */ = {
			isa = PBXSourcesBuildPhase;
			buildActionMask = 2147483647;
			files = (
				41F550D128FA5BDE001052C2 /* ContentView.swift in Sources */,
				41F550CF28FA5BDE001052C2 /* AppDelegate.swift in Sources */,
				41F550D328FA5BDE001052C2 /* Experience.rcproject in Sources */,
			);
			runOnlyForDeploymentPostprocessing = 0;
		};
/* End PBXSourcesBuildPhase section */

/* Begin XCBuildConfiguration section */
		41F550D928FA5BDF001052C2 /* Debug */ = {
			isa = XCBuildConfiguration;
			buildSettings = {
				ALWAYS_SEARCH_USER_PATHS = NO;
				CLANG_ANALYZER_NONNULL = YES;
				CLANG_ANALYZER_NUMBER_OBJECT_CONVERSION = YES_AGGRESSIVE;
				CLANG_CXX_LANGUAGE_STANDARD = "gnu++17";
				CLANG_ENABLE_MODULES = YES;
				CLANG_ENABLE_OBJC_ARC = YES;
				CLANG_ENABLE_OBJC_WEAK = YES;
				CLANG_WARN_BLOCK_CAPTURE_AUTORELEASING = YES;
				CLANG_WARN_BOOL_CONVERSION = YES;
				CLANG_WARN_COMMA = YES;
				CLANG_WARN_CONSTANT_CONVERSION = YES;
				CLANG_WARN_DEPRECATED_OBJC_IMPLEMENTATIONS = YES;
				CLANG_WARN_DIRECT_OBJC_ISA_USAGE = YES_ERROR;
				CLANG_WARN_DOCUMENTATION_COMMENTS = YES;
				CLANG_WARN_EMPTY_BODY = YES;
				CLANG_WARN_ENUM_CONVERSION = YES;
				CLANG_WARN_INFINITE_RECURSION = YES;
				CLANG_WARN_INT_CONVERSION = YES;
				CLANG_WARN_NON_LITERAL_NULL_CONVERSION = YES;
				CLANG_WARN_OBJC_IMPLICIT_RETAIN_SELF = YES;
				CLANG_WARN_OBJC_LITERAL_CONVERSION = YES;
				CLANG_WARN_OBJC_ROOT_CLASS = YES_ERROR;
				CLANG_WARN_QUOTED_INCLUDE_IN_FRAMEWORK_HEADER = YES;
				CLANG_WARN_RANGE_LOOP_ANALYSIS = YES;
				CLANG_WARN_STRICT_PROTOTYPES = YES;
				CLANG_WARN_SUSPICIOUS_MOVE = YES;
				CLANG_WARN_UNGUARDED_AVAILABILITY = YES_AGGRESSIVE;
				CLANG_WARN_UNREACHABLE_CODE = YES;
				CLANG_WARN__DUPLICATE_METHOD_MATCH = YES;
				COPY_PHASE_STRIP = NO;
				DEBUG_INFORMATION_FORMAT = dwarf;
				ENABLE_STRICT_OBJC_MSGSEND = YES;
				ENABLE_TESTABILITY = YES;
				GCC_C_LANGUAGE_STANDARD = gnu11;
				GCC_DYNAMIC_NO_PIC = NO;
				GCC_NO_COMMON_BLOCKS = YES;
				GCC_OPTIMIZATION_LEVEL = 0;
				GCC_PREPROCESSOR_DEFINITIONS = (
					"DEBUG=1",
					"$(inherited)",
				);
				GCC_WARN_64_TO_32_BIT_CONVERSION = YES;
				GCC_WARN_ABOUT_RETURN_TYPE = YES_ERROR;
				GCC_WARN_UNDECLARED_SELECTOR = YES;
				GCC_WARN_UNINITIALIZED_AUTOS = YES_AGGRESSIVE;
				GCC_WARN_UNUSED_FUNCTION = YES;
				GCC_WARN_UNUSED_VARIABLE = YES;
				IPHONEOS_DEPLOYMENT_TARGET = 16.0;
				MTL_ENABLE_DEBUG_INFO = INCLUDE_SOURCE;
				MTL_FAST_MATH = YES;
				ONLY_ACTIVE_ARCH = YES;
				SDKROOT = iphoneos;
				SWIFT_ACTIVE_COMPILATION_CONDITIONS = DEBUG;
				SWIFT_OPTIMIZATION_LEVEL = "-Onone";
			};
			name = Debug;
		};
		41F550DA28FA5BDF001052C2 /* Release */ = {
			isa = XCBuildConfiguration;
			buildSettings = {
				ALWAYS_SEARCH_USER_PATHS = NO;
				CLANG_ANALYZER_NONNULL = YES;
				CLANG_ANALYZER_NUMBER_OBJECT_CONVERSION = YES_AGGRESSIVE;
				CLANG_CXX_LANGUAGE_STANDARD = "gnu++17";
				CLANG_ENABLE_MODULES = YES;
				CLANG_ENABLE_OBJC_ARC = YES;
				CLANG_ENABLE_OBJC_WEAK = YES;
				CLANG_WARN_BLOCK_CAPTURE_AUTORELEASING = YES;
				CLANG_WARN_BOOL_CONVERSION = YES;
				CLANG_WARN_COMMA = YES;
				CLANG_WARN_CONSTANT_CONVERSION = YES;
				CLANG_WARN_DEPRECATED_OBJC_IMPLEMENTATIONS = YES;
				CLANG_WARN_DIRECT_OBJC_ISA_USAGE = YES_ERROR;
				CLANG_WARN_DOCUMENTATION_COMMENTS = YES;
				CLANG_WARN_EMPTY_BODY = YES;
				CLANG_WARN_ENUM_CONVERSION = YES;
				CLANG_WARN_INFINITE_RECURSION = YES;
				CLANG_WARN_INT_CONVERSION = YES;
				CLANG_WARN_NON_LITERAL_NULL_CONVERSION = YES;
				CLANG_WARN_OBJC_IMPLICIT_RETAIN_SELF = YES;
				CLANG_WARN_OBJC_LITERAL_CONVERSION = YES;
				CLANG_WARN_OBJC_ROOT_CLASS = YES_ERROR;
				CLANG_WARN_QUOTED_INCLUDE_IN_FRAMEWORK_HEADER = YES;
				CLANG_WARN_RANGE_LOOP_ANALYSIS = YES;
				CLANG_WARN_STRICT_PROTOTYPES = YES;
				CLANG_WARN_SUSPICIOUS_MOVE = YES;
				CLANG_WARN_UNGUARDED_AVAILABILITY = YES_AGGRESSIVE;
				CLANG_WARN_UNREACHABLE_CODE = YES;
				CLANG_WARN__DUPLICATE_METHOD_MATCH = YES;
				COPY_PHASE_STRIP = NO;
				DEBUG_INFORMATION_FORMAT = "dwarf-with-dsym";
				ENABLE_NS_ASSERTIONS = NO;
				ENABLE_STRICT_OBJC_MSGSEND = YES;
				GCC_C_LANGUAGE_STANDARD = gnu11;
				GCC_NO_COMMON_BLOCKS = YES;
				GCC_WARN_64_TO_32_BIT_CONVERSION = YES;
				GCC_WARN_ABOUT_RETURN_TYPE = YES_ERROR;
				GCC_WARN_UNDECLARED_SELECTOR = YES;
				GCC_WARN_UNINITIALIZED_AUTOS = YES_AGGRESSIVE;
				GCC_WARN_UNUSED_FUNCTION = YES;
				GCC_WARN_UNUSED_VARIABLE = YES;
				IPHONEOS_DEPLOYMENT_TARGET = 16.0;
				MTL_ENABLE_DEBUG_INFO = NO;
				MTL_FAST_MATH = YES;
				SDKROOT = iphoneos;
				SWIFT_COMPILATION_MODE = wholemodule;
				SWIFT_OPTIMIZATION_LEVEL = "-O";
				VALIDATE_PRODUCT = YES;
			};
			name = Release;
		};
		41F550DC28FA5BDF001052C2 /* Debug */ = {
			isa = XCBuildConfiguration;
			buildSettings = {
				ASSETCATALOG_COMPILER_APPICON_NAME = AppIcon;
				ASSETCATALOG_COMPILER_GLOBAL_ACCENT_COLOR_NAME = AccentColor;
				CODE_SIGN_STYLE = Automatic;
				CURRENT_PROJECT_VERSION = 1;
				DEVELOPMENT_ASSET_PATHS = "\"Pompy/Preview Content\"";
				DEVELOPMENT_TEAM = 89P42BULRY;
				ENABLE_PREVIEWS = YES;
				GENERATE_INFOPLIST_FILE = YES;
				INFOPLIST_FILE = Pompy/Info.plist;
				INFOPLIST_KEY_NSCameraUsageDescription = "would like to use your camera";
				INFOPLIST_KEY_UIApplicationSupportsIndirectInputEvents = YES;
				INFOPLIST_KEY_UIRequiredDeviceCapabilities = arkit;
				INFOPLIST_KEY_UIStatusBarHidden = YES;
				INFOPLIST_KEY_UISupportedInterfaceOrientations_iPad = "UIInterfaceOrientationPortrait UIInterfaceOrientationPortraitUpsideDown UIInterfaceOrientationLandscapeLeft UIInterfaceOrientationLandscapeRight";
				INFOPLIST_KEY_UISupportedInterfaceOrientations_iPhone = "UIInterfaceOrientationPortrait UIInterfaceOrientationLandscapeLeft UIInterfaceOrientationLandscapeRight";
				IPHONEOS_DEPLOYMENT_TARGET = 15.0;
				LD_RUNPATH_SEARCH_PATHS = (
					"$(inherited)",
					"@executable_path/Frameworks",
				);
				MARKETING_VERSION = 1.0;
				PRODUCT_BUNDLE_IDENTIFIER = com.ambermate.Pompy;
				PRODUCT_NAME = Pompy;
				SWIFT_EMIT_LOC_STRINGS = YES;
				SWIFT_VERSION = 5.0;
				TARGETED_DEVICE_FAMILY = "1,2";
			};
			name = Debug;
		};
		41F550DD28FA5BDF001052C2 /* Release */ = {
			isa = XCBuildConfiguration;
			buildSettings = {
				ASSETCATALOG_COMPILER_APPICON_NAME = AppIcon;
				ASSETCATALOG_COMPILER_GLOBAL_ACCENT_COLOR_NAME = AccentColor;
				CODE_SIGN_STYLE = Automatic;
				CURRENT_PROJECT_VERSION = 1;
				DEVELOPMENT_ASSET_PATHS = "\"Pompy/Preview Content\"";
				DEVELOPMENT_TEAM = 89P42BULRY;
				ENABLE_PREVIEWS = YES;
				GENERATE_INFOPLIST_FILE = YES;
				INFOPLIST_FILE = Pompy/Info.plist;
				INFOPLIST_KEY_NSCameraUsageDescription = "would like to use your camera";
				INFOPLIST_KEY_UIApplicationSupportsIndirectInputEvents = YES;
				INFOPLIST_KEY_UIRequiredDeviceCapabilities = arkit;
				INFOPLIST_KEY_UIStatusBarHidden = YES;
				INFOPLIST_KEY_UISupportedInterfaceOrientations_iPad = "UIInterfaceOrientationPortrait UIInterfaceOrientationPortraitUpsideDown UIInterfaceOrientationLandscapeLeft UIInterfaceOrientationLandscapeRight";
				INFOPLIST_KEY_UISupportedInterfaceOrientations_iPhone = "UIInterfaceOrientationPortrait UIInterfaceOrientationLandscapeLeft UIInterfaceOrientationLandscapeRight";
				IPHONEOS_DEPLOYMENT_TARGET = 15.0;
				LD_RUNPATH_SEARCH_PATHS = (
					"$(inherited)",
					"@executable_path/Frameworks",
				);
				MARKETING_VERSION = 1.0;
				PRODUCT_BUNDLE_IDENTIFIER = com.ambermate.Pompy;
				PRODUCT_NAME = Pompy;
				SWIFT_EMIT_LOC_STRINGS = YES;
				SWIFT_VERSION = 5.0;
				TARGETED_DEVICE_FAMILY = "1,2";
			};
			name = Release;
		};
/* End XCBuildConfiguration section */

/* Begin XCConfigurationList section */
		41F550C628FA5BDE001052C2 /* Build configuration list for PBXProject "Pompy" */ = {
			isa = XCConfigurationList;
			buildConfigurations = (
				41F550D928FA5BDF001052C2 /* Debug */,
				41F550DA28FA5BDF001052C2 /* Release */,
			);
			defaultConfigurationIsVisible = 0;
			defaultConfigurationName = Release;
		};
		41F550DB28FA5BDF001052C2 /* Build configuration list for PBXNativeTarget "Pompy" */ = {
			isa = XCConfigurationList;
			buildConfigurations = (
				41F550DC28FA5BDF001052C2 /* Debug */,
				41F550DD28FA5BDF001052C2 /* Release */,
			);
			defaultConfigurationIsVisible = 0;
			defaultConfigurationName = Release;
		};
/* End XCConfigurationList section */
	};
	rootObject = 41F550C328FA5BDE001052C2 /* Project object */;
}
